NeoBundleLock neobundle.vim 108ce2c80e0af6898f967f4df7ff189368351ff6
NeoBundleLock neocomplete.vim 9617d825c0d4acdb18aec903e9c1c0443058d18b
NeoBundleLock nerdtree 281701021c5001332a862da80175bf585d24e2e8
NeoBundleLock vim-coffee-script 72f48c3f9bb6ba4f9ba1e6e4933c2c25686a1b62
NeoBundleLock vim-ft-go e9b820bc30467fa151f1ebd63222648ec71e022f
NeoBundleLock vim-go-extra e695cf986c1ee9d16449bd37228ee8c9fa796783
NeoBundleLock vim-handlebars 1eeeff8ade7b5008e7a213cc7eb9c7e1bed52bef
NeoBundleLock vim-indent-guides 018298ead9d3aa9cd3b4ae222f81022a33978b09
